
Microsoft Visual Studio Solution File, Format Version 11.00
# Visual Studio 2010
Project("{FAE04EC0-301F-11D3-BF4B-00C04F79EFBC}") = "ExcelTableSchemaApp", "ExcelTableSchemaApp\ExcelTableSchemaApp.csproj", "{8059DF7E-EC41-470B-8E74-2A5B3DD44A23}"
EndProject
Global
	GlobalSection(SolutionConfigurationPlatforms) = preSolution
		Debug|Any CPU = Debug|Any CPU
		Release|Any CPU = Release|Any CPU
	EndGlobalSection
	GlobalSection(ProjectConfigurationPlatforms) = postSolution
		{8059DF7E-EC41-470B-8E74-2A5B3DD44A23}.Debug|Any CPU.ActiveCfg = Debug|Any CPU
		{8059DF7E-EC41-470B-8E74-2A5B3DD44A23}.Debug|Any CPU.Build.0 = Debug|Any CPU
		{8059DF7E-EC41-470B-8E74-2A5B3DD44A23}.Release|Any CPU.ActiveCfg = Release|Any CPU
		{8059DF7E-EC41-470B-8E74-2A5B3DD44A23}.Release|Any CPU.Build.0 = Release|Any CPU
	EndGlobalSection
	GlobalSection(SolutionProperties) = preSolution
		HideSolutionNode = FALSE
	EndGlobalSection
EndGlobal
